
Microsoft Visual Studio Solution File, Format Version 12.00
# Visual Studio 15
VisualStudioVersion = 15.0.33529.398
MinimumVisualStudioVersion = 10.0.40219.1
Project("{FAE04EC0-301F-11D3-BF4B-00C04F79EFBC}") = "DeviceManagement", "DeviceManagement\DeviceManagement.csproj", "{23B5EA01-8136-40AF-8F80-BE04327B0DEC}"
EndProject
Global
	GlobalSection(SolutionConfigurationPlatforms) = preSolution
		Debug|Any CPU = Debug|Any CPU
		Release|Any CPU = Release|Any CPU
	EndGlobalSection
	GlobalSection(ProjectConfigurationPlatforms) = postSolution
		{23B5EA01-8136-40AF-8F80-BE04327B0DEC}.Debug|Any CPU.ActiveCfg = Debug|Any CPU
		{23B5EA01-8136-40AF-8F80-BE04327B0DEC}.Debug|Any CPU.Build.0 = Debug|Any CPU
		{23B5EA01-8136-40AF-8F80-BE04327B0DEC}.Release|Any CPU.ActiveCfg = Release|Any CPU
		{23B5EA01-8136-40AF-8F80-BE04327B0DEC}.Release|Any CPU.Build.0 = Release|Any CPU
	EndGlobalSection
	GlobalSection(SolutionProperties) = preSolution
		HideSolutionNode = FALSE
	EndGlobalSection
	GlobalSection(ExtensibilityGlobals) = postSolution
		SolutionGuid = {A0E13A01-5098-45F1-BA28-FF6D4C2437CE}
	EndGlobalSection
EndGlobal
